
Microsoft Visual Studio Solution File, Format Version 12.00
# Visual Studio 15
VisualStudioVersion = 15.0.28307.1082
MinimumVisualStudioVersion = 10.0.40219.1
Project("{FAE04EC0-301F-11D3-BF4B-00C04F79EFBC}") = "Xamarin.Test.App.Android", "Xamarin.Test.App\Xamarin.Test.App.Android\Xamarin.Test.App.Android.csproj", "{8851AF07-CE82-45C4-A939-7DCC7BB12FE8}"
EndProject
Project("{FAE04EC0-301F-11D3-BF4B-00C04F79EFBC}") = "Xamarin.Test.App.iOS", "Xamarin.Test.App\Xamarin.Test.App.iOS\Xamarin.Test.App.iOS.csproj", "{9AA4F6B5-09CF-4F04-AF4B-1FDA82ABFA47}"
EndProject
Project("{9A19103F-16F7-4668-BE54-9A1E7A4F7556}") = "Xamarin.Test.App", "Xamarin.Test.App\Xamarin.Test.App\Xamarin.Test.App.csproj", "{0AB99403-50BD-4EB6-A869-AFD141620CDC}"
EndProject
Project("{FAE04EC0-301F-11D3-BF4B-00C04F79EFBC}") = "Xamarin.UnitTests", "Xamarin.UnitTests\Xamarin.UnitTests.csproj", "{93C25E35-7C4E-4A38-9A0C-FF32019CCAB8}"
EndProject
Global
	GlobalSection(SolutionConfigurationPlatforms) = preSolution
		Ad-Hoc|Any CPU = Ad-Hoc|Any CPU
		Ad-Hoc|iPhone = Ad-Hoc|iPhone
		Ad-Hoc|iPhoneSimulator = Ad-Hoc|iPhoneSimulator
		AppStore|Any CPU = AppStore|Any CPU
		AppStore|iPhone = AppStore|iPhone
		AppStore|iPhoneSimulator = AppStore|iPhoneSimulator
		Debug|Any CPU = Debug|Any CPU
		Debug|iPhone = Debug|iPhone
		Debug|iPhoneSimulator = Debug|iPhoneSimulator
		Release|Any CPU = Release|Any CPU
		Release|iPhone = Release|iPhone
		Release|iPhoneSimulator = Release|iPhoneSimulator
	EndGlobalSection
	GlobalSection(ProjectConfigurationPlatforms) = postSolution
		{8851AF07-CE82-45C4-A939-7DCC7BB12FE8}.Ad-Hoc|Any CPU.ActiveCfg = Release|Any CPU
		{8851AF07-CE82-45C4-A939-7DCC7BB12FE8}.Ad-Hoc|Any CPU.Build.0 = Release|Any CPU
		{8851AF07-CE82-45C4-A939-7DCC7BB12FE8}.Ad-Hoc|Any CPU.Deploy.0 = Release|Any CPU
		{8851AF07-CE82-45C4-A939-7DCC7BB12FE8}.Ad-Hoc|iPhone.ActiveCfg = Release|Any CPU
		{8851AF07-CE82-45C4-A939-7DCC7BB12FE8}.Ad-Hoc|iPhone.Build.0 = Release|Any CPU
		{8851AF07-CE82-45C4-A939-7DCC7BB12FE8}.Ad-Hoc|iPhone.Deploy.0 = Release|Any CPU
		{8851AF07-CE82-45C4-A939-7DCC7BB12FE8}.Ad-Hoc|iPhoneSimulator.ActiveCfg = Release|Any CPU
		{8851AF07-CE82-45C4-A939-7DCC7BB12FE8}.Ad-Hoc|iPhoneSimulator.Build.0 = Release|Any CPU
		{8851AF07-CE82-45C4-A939-7DCC7BB12FE8}.Ad-Hoc|iPhoneSimulator.Deploy.0 = Release|Any CPU
		{8851AF07-CE82-45C4-A939-7DCC7BB12FE8}.AppStore|Any CPU.ActiveCfg = Release|Any CPU
		{8851AF07-CE82-45C4-A939-7DCC7BB12FE8}.AppStore|Any CPU.Build.0 = Release|Any CPU
		{8851AF07-CE82-45C4-A939-7DCC7BB12FE8}.AppStore|Any CPU.Deploy.0 = Release|Any CPU
		{8851AF07-CE82-45C4-A939-7DCC7BB12FE8}.AppStore|iPhone.ActiveCfg = Release|Any CPU
		{8851AF07-CE82-45C4-A939-7DCC7BB12FE8}.AppStore|iPhone.Build.0 = Release|Any CPU
		{8851AF07-CE82-45C4-A939-7DCC7BB12FE8}.AppStore|iPhone.Deploy.0 = Release|Any CPU
		{8851AF07-CE82-45C4-A939-7DCC7BB12FE8}.AppStore|iPhoneSimulator.ActiveCfg = Release|Any CPU
		{8851AF07-CE82-45C4-A939-7DCC7BB12FE8}.AppStore|iPhoneSimulator.Build.0 = Release|Any CPU
		{8851AF07-CE82-45C4-A939-7DCC7BB12FE8}.AppStore|iPhoneSimulator.Deploy.0 = Release|Any CPU
		{8851AF07-CE82-45C4-A939-7DCC7BB12FE8}.Debug|Any CPU.ActiveCfg = Debug|Any CPU
		{8851AF07-CE82-45C4-A939-7DCC7BB12FE8}.Debug|Any CPU.Build.0 = Debug|Any CPU
		{8851AF07-CE82-45C4-A939-7DCC7BB12FE8}.Debug|Any CPU.Deploy.0 = Debug|Any CPU
		{8851AF07-CE82-45C4-A939-7DCC7BB12FE8}.Debug|iPhone.ActiveCfg = Debug|Any CPU
		{8851AF07-CE82-45C4-A939-7DCC7BB12FE8}.Debug|iPhone.Build.0 = Debug|Any CPU
		{8851AF07-CE82-45C4-A939-7DCC7BB12FE8}.Debug|iPhone.Deploy.0 = Debug|Any CPU
		{8851AF07-CE82-45C4-A939-7DCC7BB12FE8}.Debug|iPhoneSimulator.ActiveCfg = Debug|Any CPU
		{8851AF07-CE82-45C4-A939-7DCC7BB12FE8}.Debug|iPhoneSimulator.Build.0 = Debug|Any CPU
		{8851AF07-CE82-45C4-A939-7DCC7BB12FE8}.Debug|iPhoneSimulator.Deploy.0 = Debug|Any CPU
		{8851AF07-CE82-45C4-A939-7DCC7BB12FE8}.Release|Any CPU.ActiveCfg = Release|Any CPU
		{8851AF07-CE82-45C4-A939-7DCC7BB12FE8}.Release|Any CPU.Build.0 = Release|Any CPU
		{8851AF07-CE82-45C4-A939-7DCC7BB12FE8}.Release|Any CPU.Deploy.0 = Release|Any CPU
		{8851AF07-CE82-45C4-A939-7DCC7BB12FE8}.Release|iPhone.ActiveCfg = Release|Any CPU
		{8851AF07-CE82-45C4-A939-7DCC7BB12FE8}.Release|iPhone.Build.0 = Release|Any CPU
		{8851AF07-CE82-45C4-A939-7DCC7BB12FE8}.Release|iPhone.Deploy.0 = Release|Any CPU
		{8851AF07-CE82-45C4-A939-7DCC7BB12FE8}.Release|iPhoneSimulator.ActiveCfg = Release|Any CPU
		{8851AF07-CE82-45C4-A939-7DCC7BB12FE8}.Release|iPhoneSimulator.Build.0 = Release|Any CPU
		{8851AF07-CE82-45C4-A939-7DCC7BB12FE8}.Release|iPhoneSimulator.Deploy.0 = Release|Any CPU
		{9AA4F6B5-09CF-4F04-AF4B-1FDA82ABFA47}.Ad-Hoc|Any CPU.ActiveCfg = Ad-Hoc|iPhone
		{9AA4F6B5-09CF-4F04-AF4B-1FDA82ABFA47}.Ad-Hoc|Any CPU.Build.0 = Ad-Hoc|iPhone
		{9AA4F6B5-09CF-4F04-AF4B-1FDA82ABFA47}.Ad-Hoc|Any CPU.Deploy.0 = Ad-Hoc|iPhone
		{9AA4F6B5-09CF-4F04-AF4B-1FDA82ABFA47}.Ad-Hoc|iPhone.ActiveCfg = Ad-Hoc|iPhone
		{9AA4F6B5-09CF-4F04-AF4B-1FDA82ABFA47}.Ad-Hoc|iPhone.Build.0 = Ad-Hoc|iPhone
		{9AA4F6B5-09CF-4F04-AF4B-1FDA82ABFA47}.Ad-Hoc|iPhone.Deploy.0 = Ad-Hoc|iPhone
		{9AA4F6B5-09CF-4F04-AF4B-1FDA82ABFA47}.Ad-Hoc|iPhoneSimulator.ActiveCfg = Ad-Hoc|iPhoneSimulator
		{9AA4F6B5-09CF-4F04-AF4B-1FDA82ABFA47}.Ad-Hoc|iPhoneSimulator.Build.0 = Ad-Hoc|iPhoneSimulator
		{9AA4F6B5-09CF-4F04-AF4B-1FDA82ABFA47}.Ad-Hoc|iPhoneSimulator.Deploy.0 = Ad-Hoc|iPhoneSimulator
		{9AA4F6B5-09CF-4F04-AF4B-1FDA82ABFA47}.AppStore|Any CPU.ActiveCfg = AppStore|iPhone
		{9AA4F6B5-09CF-4F04-AF4B-1FDA82ABFA47}.AppStore|Any CPU.Build.0 = AppStore|iPhone
		{9AA4F6B5-09CF-4F04-AF4B-1FDA82ABFA47}.AppStore|Any CPU.Deploy.0 = AppStore|iPhone
		{9AA4F6B5-09CF-4F04-AF4B-1FDA82ABFA47}.AppStore|iPhone.ActiveCfg = AppStore|iPhone
		{9AA4F6B5-09CF-4F04-AF4B-1FDA82ABFA47}.AppStore|iPhone.Build.0 = AppStore|iPhone
		{9AA4F6B5-09CF-4F04-AF4B-1FDA82ABFA47}.AppStore|iPhone.Deploy.0 = AppStore|iPhone
		{9AA4F6B5-09CF-4F04-AF4B-1FDA82ABFA47}.AppStore|iPhoneSimulator.ActiveCfg = AppStore|iPhoneSimulator
		{9AA4F6B5-09CF-4F04-AF4B-1FDA82ABFA47}.AppStore|iPhoneSimulator.Build.0 = AppStore|iPhoneSimulator
		{9AA4F6B5-09CF-4F04-AF4B-1FDA82ABFA47}.AppStore|iPhoneSimulator.Deploy.0 = AppStore|iPhoneSimulator
		{9AA4F6B5-09CF-4F04-AF4B-1FDA82ABFA47}.Debug|Any CPU.ActiveCfg = Debug|iPhoneSimulator
		{9AA4F6B5-09CF-4F04-AF4B-1FDA82ABFA47}.Debug|Any CPU.Build.0 = Debug|iPhoneSimulator
		{9AA4F6B5-09CF-4F04-AF4B-1FDA82ABFA47}.Debug|Any CPU.Deploy.0 = Debug|iPhoneSimulator
		{9AA4F6B5-09CF-4F04-AF4B-1FDA82ABFA47}.Debug|iPhone.ActiveCfg = Debug|iPhone
		{9AA4F6B5-09CF-4F04-AF4B-1FDA82ABFA47}.Debug|iPhone.Build.0 = Debug|iPhone
		{9AA4F6B5-09CF-4F04-AF4B-1FDA82ABFA47}.Debug|iPhone.Deploy.0 = Debug|iPhone
		{9AA4F6B5-09CF-4F04-AF4B-1FDA82ABFA47}.Debug|iPhoneSimulator.ActiveCfg = Debug|iPhoneSimulator
		{9AA4F6B5-09CF-4F04-AF4B-1FDA82ABFA47}.Debug|iPhoneSimulator.Build.0 = Debug|iPhoneSimulator
		{9AA4F6B5-09CF-4F04-AF4B-1FDA82ABFA47}.Debug|iPhoneSimulator.Deploy.0 = Debug|iPhoneSimulator
		{9AA4F6B5-09CF-4F04-AF4B-1FDA82ABFA47}.Release|Any CPU.ActiveCfg = Release|iPhone
		{9AA4F6B5-09CF-4F04-AF4B-1FDA82ABFA47}.Release|Any CPU.Build.0 = Release|iPhone
		{9AA4F6B5-09CF-4F04-AF4B-1FDA82ABFA47}.Release|Any CPU.Deploy.0 = Release|iPhone
		{9AA4F6B5-09CF-4F04-AF4B-1FDA82ABFA47}.Release|iPhone.ActiveCfg = Release|iPhone
		{9AA4F6B5-09CF-4F04-AF4B-1FDA82ABFA47}.Release|iPhone.Build.0 = Release|iPhone
		{9AA4F6B5-09CF-4F04-AF4B-1FDA82ABFA47}.Release|iPhone.Deploy.0 = Release|iPhone
		{9AA4F6B5-09CF-4F04-AF4B-1FDA82ABFA47}.Release|iPhoneSimulator.ActiveCfg = Release|iPhoneSimulator
		{9AA4F6B5-09CF-4F04-AF4B-1FDA82ABFA47}.Release|iPhoneSimulator.Build.0 = Release|iPhoneSimulator
		{9AA4F6B5-09CF-4F04-AF4B-1FDA82ABFA47}.Release|iPhoneSimulator.Deploy.0 = Release|iPhoneSimulator
		{0AB99403-50BD-4EB6-A869-AFD141620CDC}.Ad-Hoc|Any CPU.ActiveCfg = Debug|Any CPU
		{0AB99403-50BD-4EB6-A869-AFD141620CDC}.Ad-Hoc|Any CPU.Build.0 = Debug|Any CPU
		{0AB99403-50BD-4EB6-A869-AFD141620CDC}.Ad-Hoc|Any CPU.Deploy.0 = Debug|Any CPU
		{0AB99403-50BD-4EB6-A869-AFD141620CDC}.Ad-Hoc|iPhone.ActiveCfg = Debug|Any CPU
		{0AB99403-50BD-4EB6-A869-AFD141620CDC}.Ad-Hoc|iPhone.Build.0 = Debug|Any CPU
		{0AB99403-50BD-4EB6-A869-AFD141620CDC}.Ad-Hoc|iPhone.Deploy.0 = Debug|Any CPU
		{0AB99403-50BD-4EB6-A869-AFD141620CDC}.Ad-Hoc|iPhoneSimulator.ActiveCfg = Debug|Any CPU
		{0AB99403-50BD-4EB6-A869-AFD141620CDC}.Ad-Hoc|iPhoneSimulator.Build.0 = Debug|Any CPU
		{0AB99403-50BD-4EB6-A869-AFD141620CDC}.Ad-Hoc|iPhoneSimulator.Deploy.0 = Debug|Any CPU
		{0AB99403-50BD-4EB6-A869-AFD141620CDC}.AppStore|Any CPU.ActiveCfg = Debug|Any CPU
		{0AB99403-50BD-4EB6-A869-AFD141620CDC}.AppStore|Any CPU.Build.0 = Debug|Any CPU
		{0AB99403-50BD-4EB6-A869-AFD141620CDC}.AppStore|Any CPU.Deploy.0 = Debug|Any CPU
		{0AB99403-50BD-4EB6-A869-AFD141620CDC}.AppStore|iPhone.ActiveCfg = Debug|Any CPU
		{0AB99403-50BD-4EB6-A869-AFD141620CDC}.AppStore|iPhone.Build.0 = Debug|Any CPU
		{0AB99403-50BD-4EB6-A869-AFD141620CDC}.AppStore|iPhone.Deploy.0 = Debug|Any CPU
		{0AB99403-50BD-4EB6-A869-AFD141620CDC}.AppStore|iPhoneSimulator.ActiveCfg = Debug|Any CPU
		{0AB99403-50BD-4EB6-A869-AFD141620CDC}.AppStore|iPhoneSimulator.Build.0 = Debug|Any CPU
		{0AB99403-50BD-4EB6-A869-AFD141620CDC}.AppStore|iPhoneSimulator.Deploy.0 = Debug|Any CPU
		{0AB99403-50BD-4EB6-A869-AFD141620CDC}.Debug|Any CPU.ActiveCfg = Debug|Any CPU
		{0AB99403-50BD-4EB6-A869-AFD141620CDC}.Debug|Any CPU.Build.0 = Debug|Any CPU
		{0AB99403-50BD-4EB6-A869-AFD141620CDC}.Debug|Any CPU.Deploy.0 = Debug|Any CPU
		{0AB99403-50BD-4EB6-A869-AFD141620CDC}.Debug|iPhone.ActiveCfg = Debug|Any CPU
		{0AB99403-50BD-4EB6-A869-AFD141620CDC}.Debug|iPhone.Build.0 = Debug|Any CPU
		{0AB99403-50BD-4EB6-A869-AFD141620CDC}.Debug|iPhone.Deploy.0 = Debug|Any CPU
		{0AB99403-50BD-4EB6-A869-AFD141620CDC}.Debug|iPhoneSimulator.ActiveCfg = Debug|Any CPU
		{0AB99403-50BD-4EB6-A869-AFD141620CDC}.Debug|iPhoneSimulator.Build.0 = Debug|Any CPU
		{0AB99403-50BD-4EB6-A869-AFD141620CDC}.Debug|iPhoneSimulator.Deploy.0 = Debug|Any CPU
		{0AB99403-50BD-4EB6-A869-AFD141620CDC}.Release|Any CPU.ActiveCfg = Release|Any CPU
		{0AB99403-50BD-4EB6-A869-AFD141620CDC}.Release|Any CPU.Build.0 = Release|Any CPU
		{0AB99403-50BD-4EB6-A869-AFD141620CDC}.Release|Any CPU.Deploy.0 = Release|Any CPU
		{0AB99403-50BD-4EB6-A869-AFD141620CDC}.Release|iPhone.ActiveCfg = Release|Any CPU
		{0AB99403-50BD-4EB6-A869-AFD141620CDC}.Release|iPhone.Build.0 = Release|Any CPU
		{0AB99403-50BD-4EB6-A869-AFD141620CDC}.Release|iPhone.Deploy.0 = Release|Any CPU
		{0AB99403-50BD-4EB6-A869-AFD141620CDC}.Release|iPhoneSimulator.ActiveCfg = Release|Any CPU
		{0AB99403-50BD-4EB6-A869-AFD141620CDC}.Release|iPhoneSimulator.Build.0 = Release|Any CPU
		{0AB99403-50BD-4EB6-A869-AFD141620CDC}.Release|iPhoneSimulator.Deploy.0 = Release|Any CPU
		{93C25E35-7C4E-4A38-9A0C-FF32019CCAB8}.Ad-Hoc|Any CPU.ActiveCfg = Release|Any CPU
		{93C25E35-7C4E-4A38-9A0C-FF32019CCAB8}.Ad-Hoc|Any CPU.Build.0 = Release|Any CPU
		{93C25E35-7C4E-4A38-9A0C-FF32019CCAB8}.Ad-Hoc|iPhone.ActiveCfg = Release|Any CPU
		{93C25E35-7C4E-4A38-9A0C-FF32019CCAB8}.Ad-Hoc|iPhone.Build.0 = Release|Any CPU
		{93C25E35-7C4E-4A38-9A0C-FF32019CCAB8}.Ad-Hoc|iPhoneSimulator.ActiveCfg = Release|Any CPU
		{93C25E35-7C4E-4A38-9A0C-FF32019CCAB8}.Ad-Hoc|iPhoneSimulator.Build.0 = Release|Any CPU
		{93C25E35-7C4E-4A38-9A0C-FF32019CCAB8}.AppStore|Any CPU.ActiveCfg = Release|Any CPU
		{93C25E35-7C4E-4A38-9A0C-FF32019CCAB8}.AppStore|Any CPU.Build.0 = Release|Any CPU
		{93C25E35-7C4E-4A38-9A0C-FF32019CCAB8}.AppStore|iPhone.ActiveCfg = Release|Any CPU
		{93C25E35-7C4E-4A38-9A0C-FF32019CCAB8}.AppStore|iPhone.Build.0 = Release|Any CPU
		{93C25E35-7C4E-4A38-9A0C-FF32019CCAB8}.AppStore|iPhoneSimulator.ActiveCfg = Release|Any CPU
		{93C25E35-7C4E-4A38-9A0C-FF32019CCAB8}.AppStore|iPhoneSimulator.Build.0 = Release|Any CPU
		{93C25E35-7C4E-4A38-9A0C-FF32019CCAB8}.Debug|Any CPU.ActiveCfg = Debug|Any CPU
		{93C25E35-7C4E-4A38-9A0C-FF32019CCAB8}.Debug|Any CPU.Build.0 = Debug|Any CPU
		{93C25E35-7C4E-4A38-9A0C-FF32019CCAB8}.Debug|iPhone.ActiveCfg = Debug|Any CPU
		{93C25E35-7C4E-4A38-9A0C-FF32019CCAB8}.Debug|iPhone.Build.0 = Debug|Any CPU
		{93C25E35-7C4E-4A38-9A0C-FF32019CCAB8}.Debug|iPhoneSimulator.ActiveCfg = Debug|Any CPU
		{93C25E35-7C4E-4A38-9A0C-FF32019CCAB8}.Debug|iPhoneSimulator.Build.0 = Debug|Any CPU
		{93C25E35-7C4E-4A38-9A0C-FF32019CCAB8}.Release|Any CPU.ActiveCfg = Release|Any CPU
		{93C25E35-7C4E-4A38-9A0C-FF32019CCAB8}.Release|Any CPU.Build.0 = Release|Any CPU
		{93C25E35-7C4E-4A38-9A0C-FF32019CCAB8}.Release|iPhone.ActiveCfg = Release|Any CPU
		{93C25E35-7C4E-4A38-9A0C-FF32019CCAB8}.Release|iPhone.Build.0 = Release|Any CPU
		{93C25E35-7C4E-4A38-9A0C-FF32019CCAB8}.Release|iPhoneSimulator.ActiveCfg = Release|Any CPU
		{93C25E35-7C4E-4A38-9A0C-FF32019CCAB8}.Release|iPhoneSimulator.Build.0 = Release|Any CPU
	EndGlobalSection
	GlobalSection(SolutionProperties) = preSolution
		HideSolutionNode = FALSE
	EndGlobalSection
	GlobalSection(ExtensibilityGlobals) = postSolution
		SolutionGuid = {F6637317-EC95-4503-AF6D-0045883DD006}
	EndGlobalSection
EndGlobal
